
Microsoft Visual Studio Solution File, Format Version 12.00
# Visual Studio Version 17
VisualStudioVersion = 17.8.34322.80
MinimumVisualStudioVersion = 10.0.40219.1
Project("{FAE04EC0-301F-11D3-BF4B-00C04F79EFBC}") = "gatherRoundItasca.Server", "gatherRoundItasca.Server\gatherRoundItasca.Server.csproj", "{52DFC2E0-B8BC-4758-9C42-1EEEA30C19A5}"
EndProject
Project("{54A90642-561A-4BB1-A94E-469ADEE60C69}") = "gatherrounditasca.client", "gatherrounditasca.client\gatherrounditasca.client.esproj", "{7E980661-061C-4123-8BFD-B542A192FA8A}"
EndProject
Global
	GlobalSection(SolutionConfigurationPlatforms) = preSolution
		Debug|Any CPU = Debug|Any CPU
		Release|Any CPU = Release|Any CPU
	EndGlobalSection
	GlobalSection(ProjectConfigurationPlatforms) = postSolution
		{52DFC2E0-B8BC-4758-9C42-1EEEA30C19A5}.Debug|Any CPU.ActiveCfg = Debug|Any CPU
		{52DFC2E0-B8BC-4758-9C42-1EEEA30C19A5}.Debug|Any CPU.Build.0 = Debug|Any CPU
		{52DFC2E0-B8BC-4758-9C42-1EEEA30C19A5}.Release|Any CPU.ActiveCfg = Release|Any CPU
		{52DFC2E0-B8BC-4758-9C42-1EEEA30C19A5}.Release|Any CPU.Build.0 = Release|Any CPU
		{7E980661-061C-4123-8BFD-B542A192FA8A}.Debug|Any CPU.ActiveCfg = Debug|Any CPU
		{7E980661-061C-4123-8BFD-B542A192FA8A}.Debug|Any CPU.Build.0 = Debug|Any CPU
		{7E980661-061C-4123-8BFD-B542A192FA8A}.Debug|Any CPU.Deploy.0 = Debug|Any CPU
		{7E980661-061C-4123-8BFD-B542A192FA8A}.Release|Any CPU.ActiveCfg = Release|Any CPU
		{7E980661-061C-4123-8BFD-B542A192FA8A}.Release|Any CPU.Build.0 = Release|Any CPU
		{7E980661-061C-4123-8BFD-B542A192FA8A}.Release|Any CPU.Deploy.0 = Release|Any CPU
	EndGlobalSection
	GlobalSection(SolutionProperties) = preSolution
		HideSolutionNode = FALSE
	EndGlobalSection
	GlobalSection(ExtensibilityGlobals) = postSolution
		SolutionGuid = {6D6E008C-2131-4BFC-864C-0C58AB7D7F20}
	EndGlobalSection
EndGlobal
